{
  "name": "signalk-dst800-calibration-plugin",
  "version": "0.0.1",
  "lockfileVersion": 1,
  "requires": true,
  "dependencies": {
    "concentrate2": {
      "version": "1.0.0",
      "resolved": "https://registry.npmjs.org/concentrate2/-/concentrate2-1.0.0.tgz",
      "integrity": "sha512-v2S31jtmx4/dEqPwS/H9EDCa2ZeCP6NQ8XzfVNC30kDsQNc9rIy3zpFP42TXlDlRXL19NHum/2tv2SAkgugg4g==",
      "requires": {
        "int64-buffer": "^0.1.10"
      }
    },
    "int64-buffer": {
      "version": "0.1.10",
      "resolved": "https://registry.npmjs.org/int64-buffer/-/int64-buffer-0.1.10.tgz",
      "integrity": "sha1-J3siiofZWtd30HwTgyAiQGpHNCM="
    },
    "lodash": {
      "version": "4.17.15",
      "resolved": "https://registry.npmjs.org/lodash/-/lodash-4.17.15.tgz",
      "integrity": "sha512-8xOcRHvCjnocdS5cpwXQXVzmmh5e5+saE2QGoeQmbKmRS6J3VQppPOIt0MnmE+4xlZoumy0GPG0D0MVIQbNA1A=="
    }
  }
}
